
Microsoft Visual Studio Solution File, Format Version 12.00
# Visual Studio Version 16
VisualStudioVersion = 16.0.31613.86
MinimumVisualStudioVersion = 10.0.40219.1
Project("{FAE04EC0-301F-11D3-BF4B-00C04F79EFBC}") = "WebCrawlerApp", "WebCrawlerApp\WebCrawlerApp.csproj", "{F9810060-7E00-4D94-98B5-89E1E849A583}"
EndProject
Global
	GlobalSection(SolutionConfigurationPlatforms) = preSolution
		Debug|Any CPU = Debug|Any CPU
		Release|Any CPU = Release|Any CPU
	EndGlobalSection
	GlobalSection(ProjectConfigurationPlatforms) = postSolution
		{F9810060-7E00-4D94-98B5-89E1E849A583}.Debug|Any CPU.ActiveCfg = Debug|Any CPU
		{F9810060-7E00-4D94-98B5-89E1E849A583}.Debug|Any CPU.Build.0 = Debug|Any CPU
		{F9810060-7E00-4D94-98B5-89E1E849A583}.Release|Any CPU.ActiveCfg = Release|Any CPU
		{F9810060-7E00-4D94-98B5-89E1E849A583}.Release|Any CPU.Build.0 = Release|Any CPU
	EndGlobalSection
	GlobalSection(SolutionProperties) = preSolution
		HideSolutionNode = FALSE
	EndGlobalSection
	GlobalSection(ExtensibilityGlobals) = postSolution
		SolutionGuid = {CD717898-3704-42CC-B4C6-1E9591226450}
	EndGlobalSection
EndGlobal
